
Microsoft Visual Studio Solution File, Format Version 12.00
# Visual Studio 15
VisualStudioVersion = 15.0.28010.2016
MinimumVisualStudioVersion = 10.0.40219.1
Project("{FAE04EC0-301F-11D3-BF4B-00C04F79EFBC}") = "Arduino_RFID_Wartungstool", "Arduino_RFID_Wartungstool\Arduino_RFID_Wartungstool.csproj", "{2E74E56B-1ECD-4A61-83BC-13B3767AE0FB}"
EndProject
Global
	GlobalSection(SolutionConfigurationPlatforms) = preSolution
		Debug|Any CPU = Debug|Any CPU
		Release|Any CPU = Release|Any CPU
	EndGlobalSection
	GlobalSection(ProjectConfigurationPlatforms) = postSolution
		{2E74E56B-1ECD-4A61-83BC-13B3767AE0FB}.Debug|Any CPU.ActiveCfg = Debug|Any CPU
		{2E74E56B-1ECD-4A61-83BC-13B3767AE0FB}.Debug|Any CPU.Build.0 = Debug|Any CPU
		{2E74E56B-1ECD-4A61-83BC-13B3767AE0FB}.Release|Any CPU.ActiveCfg = Release|Any CPU
		{2E74E56B-1ECD-4A61-83BC-13B3767AE0FB}.Release|Any CPU.Build.0 = Release|Any CPU
	EndGlobalSection
	GlobalSection(SolutionProperties) = preSolution
		HideSolutionNode = FALSE
	EndGlobalSection
	GlobalSection(ExtensibilityGlobals) = postSolution
		SolutionGuid = {09F2065B-137D-4129-9F1A-91E67A1F1133}
	EndGlobalSection
EndGlobal
